{
  "object": {
    "pins": [
      {
        "package": "Chalk",
        "repositoryURL": "https://github.com/luoxiu/Chalk",
        "state": {
          "branch": null,
          "revision": "8a9d3373bd754fb62f7881d9f639d376f5e4d5a5",
          "version": "0.2.1"
        }
      },
      {
        "package": "Rainbow",
        "repositoryURL": "https://github.com/luoxiu/Rainbow",
        "state": {
          "branch": null,
          "revision": "9d8fcb4c64e816a135c31162a0c319e9f1f09c35",
          "version": "0.1.1"
        }
      },
      {
        "package": "swift-argument-parser",
        "repositoryURL": "https://github.com/apple/swift-argument-parser",
        "state": {
          "branch": null,
          "revision": "e1465042f195f374b94f915ba8ca49de24300a0d",
          "version": "1.0.2"
        }
      }
    ]
  },
  "version": 1
}
